
Microsoft Visual Studio Solution File, Format Version 12.00
# Visual Studio Version 17
VisualStudioVersion = 17.9.34622.214
MinimumVisualStudioVersion = 10.0.40219.1
Project("{FAE04EC0-301F-11D3-BF4B-00C04F79EFBC}") = "APILocadora", "APILocadora\APILocadora.csproj", "{8DB174E1-C433-423F-AFE0-06C40BA99717}"
EndProject
Global
	GlobalSection(SolutionConfigurationPlatforms) = preSolution
		Debug|Any CPU = Debug|Any CPU
		Release|Any CPU = Release|Any CPU
	EndGlobalSection
	GlobalSection(ProjectConfigurationPlatforms) = postSolution
		{8DB174E1-C433-423F-AFE0-06C40BA99717}.Debug|Any CPU.ActiveCfg = Debug|Any CPU
		{8DB174E1-C433-423F-AFE0-06C40BA99717}.Debug|Any CPU.Build.0 = Debug|Any CPU
		{8DB174E1-C433-423F-AFE0-06C40BA99717}.Release|Any CPU.ActiveCfg = Release|Any CPU
		{8DB174E1-C433-423F-AFE0-06C40BA99717}.Release|Any CPU.Build.0 = Release|Any CPU
	EndGlobalSection
	GlobalSection(SolutionProperties) = preSolution
		HideSolutionNode = FALSE
	EndGlobalSection
	GlobalSection(ExtensibilityGlobals) = postSolution
		SolutionGuid = {D932DC41-7011-409E-84F7-10D11D015B76}
	EndGlobalSection
EndGlobal
